version = 1
requires-python = ">=3.10"

[[package]]
name = "uv-demo"
version = "0.1.0"
source = { editable = "." }

[[package]]
name = "flask"
version = "3.0.2"
source = { registry = "https://pypi.org/simple" }
dependencies = [
    { name = "werkzeug" },
]

[[package]]
name = "werkzeug"
version = "3.0.1"
source = { registry = "https://pypi.org/simple" }
